// !$*UTF8*$!
{
	archiveVersion = 1;
	classes = {
	};
	objectVersion = 50;
	objects = {

/* Begin PBXBuildFile section */
		6502D96426EE909B001376AC /* InputDetailModel.swift in Sources */ = {isa = PBXBuildFile; fileRef = 6502D96326EE909B001376AC /* InputDetailModel.swift */; };
		65345A8A26ED5688001ABDC3 /* HomeTableViewController.swift in Sources */ = {isa = PBXBuildFile; fileRef = 65345A8926ED5688001ABDC3 /* HomeTableViewController.swift */; };
		655FBF7B26ED6716006AA5DC /* Pix.storyboard in Resources */ = {isa = PBXBuildFile; fileRef = 655FBF7A26ED6716006AA5DC /* Pix.storyboard */; };
		65920C7C26EFF7FE0027D6DF /* String+Extensions.swift in Sources */ = {isa = PBXBuildFile; fileRef = 65920C7B26EFF7FE0027D6DF /* String+Extensions.swift */; };
		65920C7E26F0032E0027D6DF /* PasswordCheckViewController.swift in Sources */ = {isa = PBXBuildFile; fileRef = 65920C7D26F0032E0027D6DF /* PasswordCheckViewController.swift */; };
		65920C8126F01C7E0027D6DF /* PasswordCheck.storyboard in Resources */ = {isa = PBXBuildFile; fileRef = 65920C8026F01C7E0027D6DF /* PasswordCheck.storyboard */; };
		65920C8426F024B00027D6DF /* InputModal.storyboard in Resources */ = {isa = PBXBuildFile; fileRef = 65920C8326F024B00027D6DF /* InputModal.storyboard */; };
		65920C8726F0282F0027D6DF /* PixConfirmedViewController.swift in Sources */ = {isa = PBXBuildFile; fileRef = 65920C8626F0282F0027D6DF /* PixConfirmedViewController.swift */; };
		65920C8926F039EA0027D6DF /* LimitPix.storyboard in Resources */ = {isa = PBXBuildFile; fileRef = 65920C8826F039EA0027D6DF /* LimitPix.storyboard */; };
		65920C8B26F03EE20027D6DF /* PixLimitViewController.swift in Sources */ = {isa = PBXBuildFile; fileRef = 65920C8A26F03EE20027D6DF /* PixLimitViewController.swift */; };
		65920C9126F049AF0027D6DF /* Login.storyboard in Resources */ = {isa = PBXBuildFile; fileRef = 65920C9026F049AF0027D6DF /* Login.storyboard */; };
		65989F3726F0C8FB00FB93E6 /* LoginViewController.swift in Sources */ = {isa = PBXBuildFile; fileRef = 65989F3626F0C8FB00FB93E6 /* LoginViewController.swift */; };
		65989F3A26F0CD1E00FB93E6 /* CoreDataManager.swift in Sources */ = {isa = PBXBuildFile; fileRef = 65989F3926F0CD1E00FB93E6 /* CoreDataManager.swift */; };
		65989F3E26F0CECB00FB93E6 /* APIManager.swift in Sources */ = {isa = PBXBuildFile; fileRef = 65989F3D26F0CECB00FB93E6 /* APIManager.swift */; };
		65989F4026F0D9B700FB93E6 /* AuthenticationAPIManager.swift in Sources */ = {isa = PBXBuildFile; fileRef = 65989F3F26F0D9B700FB93E6 /* AuthenticationAPIManager.swift */; };
		65989F4326F0E18C00FB93E6 /* AuthenticationModel.swift in Sources */ = {isa = PBXBuildFile; fileRef = 65989F4226F0E18C00FB93E6 /* AuthenticationModel.swift */; };
		65989F4526F1071D00FB93E6 /* AccountModel.swift in Sources */ = {isa = PBXBuildFile; fileRef = 65989F4426F1071D00FB93E6 /* AccountModel.swift */; };
		65989F4826F13DC100FB93E6 /* InvoiceItem.swift in Sources */ = {isa = PBXBuildFile; fileRef = 65989F4726F13DC100FB93E6 /* InvoiceItem.swift */; };
		65989F4A26F1452200FB93E6 /* PixLimitConfirmedViewController.swift in Sources */ = {isa = PBXBuildFile; fileRef = 65989F4926F1452200FB93E6 /* PixLimitConfirmedViewController.swift */; };
		65989F4C26F14E4100FB93E6 /* PixReceiver.storyboard in Resources */ = {isa = PBXBuildFile; fileRef = 65989F4B26F14E4100FB93E6 /* PixReceiver.storyboard */; };
		65989F4E26F1577E00FB93E6 /* PixReceiverViewController.swift in Sources */ = {isa = PBXBuildFile; fileRef = 65989F4D26F1577E00FB93E6 /* PixReceiverViewController.swift */; };
		65989F5026F1644F00FB93E6 /* PixQRCodeViewController.swift in Sources */ = {isa = PBXBuildFile; fileRef = 65989F4F26F1644F00FB93E6 /* PixQRCodeViewController.swift */; };
		659A9DEB26EE686D00E102ED /* InputViewController.swift in Sources */ = {isa = PBXBuildFile; fileRef = 659A9DEA26EE686D00E102ED /* InputViewController.swift */; };
		659A9DEE26EE691400E102ED /* PixSendViewController.swift in Sources */ = {isa = PBXBuildFile; fileRef = 659A9DED26EE691400E102ED /* PixSendViewController.swift */; };
		65B1814526EFC6B700197AFC /* PixPreviewViewController.swift in Sources */ = {isa = PBXBuildFile; fileRef = 65B1814426EFC6B700197AFC /* PixPreviewViewController.swift */; };
		65B1814726EFCCF800197AFC /* Utils.swift in Sources */ = {isa = PBXBuildFile; fileRef = 65B1814626EFCCF800197AFC /* Utils.swift */; };
		65B530A826E7E905002B73A4 /* CreditcardViewController.swift in Sources */ = {isa = PBXBuildFile; fileRef = 65B530A726E7E905002B73A4 /* CreditcardViewController.swift */; };
		65B530AA26E7ECA8002B73A4 /* CardItem.swift in Sources */ = {isa = PBXBuildFile; fileRef = 65B530A926E7ECA8002B73A4 /* CardItem.swift */; };
		65BBF0C126E6E21900C9F598 /* AppDelegate.swift in Sources */ = {isa = PBXBuildFile; fileRef = 65BBF0C026E6E21900C9F598 /* AppDelegate.swift */; };
		65BBF0C326E6E21900C9F598 /* SceneDelegate.swift in Sources */ = {isa = PBXBuildFile; fileRef = 65BBF0C226E6E21900C9F598 /* SceneDelegate.swift */; };
		65BBF0C526E6E21900C9F598 /* ViewController.swift in Sources */ = {isa = PBXBuildFile; fileRef = 65BBF0C426E6E21900C9F598 /* ViewController.swift */; };
		65BBF0C826E6E21900C9F598 /* Main.storyboard in Resources */ = {isa = PBXBuildFile; fileRef = 65BBF0C626E6E21900C9F598 /* Main.storyboard */; };
		65BBF0CA26E6E21A00C9F598 /* Assets.xcassets in Resources */ = {isa = PBXBuildFile; fileRef = 65BBF0C926E6E21A00C9F598 /* Assets.xcassets */; };
		65BBF0CD26E6E21A00C9F598 /* LaunchScreen.storyboard in Resources */ = {isa = PBXBuildFile; fileRef = 65BBF0CB26E6E21A00C9F598 /* LaunchScreen.storyboard */; };
		65BBF0D826E6E21B00C9F598 /* Lorem_IpsumTests.swift in Sources */ = {isa = PBXBuildFile; fileRef = 65BBF0D726E6E21B00C9F598 /* Lorem_IpsumTests.swift */; };
		65BBF0E326E6E21B00C9F598 /* Lorem_IpsumUITests.swift in Sources */ = {isa = PBXBuildFile; fileRef = 65BBF0E226E6E21B00C9F598 /* Lorem_IpsumUITests.swift */; };
		65BBF0F126E7097A00C9F598 /* HelperExtensions.swift in Sources */ = {isa = PBXBuildFile; fileRef = 65BBF0F026E7097A00C9F598 /* HelperExtensions.swift */; };
/* End PBXBuildFile section */

/* Begin PBXContainerItemProxy section */
		65BBF0D426E6E21B00C9F598 /* PBXContainerItemProxy */ = {
			isa = PBXContainerItemProxy;
			containerPortal = 65BBF0B526E6E21900C9F598 /* Project object */;
			proxyType = 1;
			remoteGlobalIDString = 65BBF0BC26E6E21900C9F598;
			remoteInfo = "Lorem Ipsum";
		};
		65BBF0DF26E6E21B00C9F598 /* PBXContainerItemProxy */ = {
			isa = PBXContainerItemProxy;
			containerPortal = 65BBF0B526E6E21900C9F598 /* Project object */;
			proxyType = 1;
			remoteGlobalIDString = 65BBF0BC26E6E21900C9F598;
			remoteInfo = "Lorem Ipsum";
		};
/* End PBXContainerItemProxy section */

/* Begin PBXFileReference section */
		6502D96326EE909B001376AC /* InputDetailModel.swift */ = {isa = PBXFileReference; lastKnownFileType = sourcecode.swift; path = InputDetailModel.swift; sourceTree = "<group>"; };
		65345A8926ED5688001ABDC3 /* HomeTableViewController.swift */ = {isa = PBXFileReference; lastKnownFileType = sourcecode.swift; path = HomeTableViewController.swift; sourceTree = "<group>"; };
		655FBF7A26ED6716006AA5DC /* Pix.storyboard */ = {isa = PBXFileReference; lastKnownFileType = file.storyboard; path = Pix.storyboard; sourceTree = "<group>"; };
		65920C7B26EFF7FE0027D6DF /* String+Extensions.swift */ = {isa = PBXFileReference; lastKnownFileType = sourcecode.swift; path = "String+Extensions.swift"; sourceTree = "<group>"; };
		65920C7D26F0032E0027D6DF /* PasswordCheckViewController.swift */ = {isa = PBXFileReference; lastKnownFileType = sourcecode.swift; path = PasswordCheckViewController.swift; sourceTree = "<group>"; };
		65920C8026F01C7E0027D6DF /* PasswordCheck.storyboard */ = {isa = PBXFileReference; lastKnownFileType = file.storyboard; path = PasswordCheck.storyboard; sourceTree = "<group>"; };
		65920C8326F024B00027D6DF /* InputModal.storyboard */ = {isa = PBXFileReference; lastKnownFileType = file.storyboard; path = InputModal.storyboard; sourceTree = "<group>"; };
		65920C8626F0282F0027D6DF /* PixConfirmedViewController.swift */ = {isa = PBXFileReference; lastKnownFileType = sourcecode.swift; path = PixConfirmedViewController.swift; sourceTree = "<group>"; };
		65920C8826F039EA0027D6DF /* LimitPix.storyboard */ = {isa = PBXFileReference; lastKnownFileType = file.storyboard; path = LimitPix.storyboard; sourceTree = "<group>"; };
		65920C8A26F03EE20027D6DF /* PixLimitViewController.swift */ = {isa = PBXFileReference; lastKnownFileType = sourcecode.swift; path = PixLimitViewController.swift; sourceTree = "<group>"; };
		65920C9026F049AF0027D6DF /* Login.storyboard */ = {isa = PBXFileReference; lastKnownFileType = file.storyboard; path = Login.storyboard; sourceTree = "<group>"; };
		65989F3626F0C8FB00FB93E6 /* LoginViewController.swift */ = {isa = PBXFileReference; lastKnownFileType = sourcecode.swift; path = LoginViewController.swift; sourceTree = "<group>"; };
		65989F3926F0CD1E00FB93E6 /* CoreDataManager.swift */ = {isa = PBXFileReference; lastKnownFileType = sourcecode.swift; path = CoreDataManager.swift; sourceTree = "<group>"; };
		65989F3D26F0CECB00FB93E6 /* APIManager.swift */ = {isa = PBXFileReference; lastKnownFileType = sourcecode.swift; path = APIManager.swift; sourceTree = "<group>"; };
		65989F3F26F0D9B700FB93E6 /* AuthenticationAPIManager.swift */ = {isa = PBXFileReference; lastKnownFileType = sourcecode.swift; path = AuthenticationAPIManager.swift; sourceTree = "<group>"; };
		65989F4226F0E18C00FB93E6 /* AuthenticationModel.swift */ = {isa = PBXFileReference; lastKnownFileType = sourcecode.swift; path = AuthenticationModel.swift; sourceTree = "<group>"; };
		65989F4426F1071D00FB93E6 /* AccountModel.swift */ = {isa = PBXFileReference; lastKnownFileType = sourcecode.swift; path = AccountModel.swift; sourceTree = "<group>"; };
		65989F4726F13DC100FB93E6 /* InvoiceItem.swift */ = {isa = PBXFileReference; lastKnownFileType = sourcecode.swift; path = InvoiceItem.swift; sourceTree = "<group>"; };
		65989F4926F1452200FB93E6 /* PixLimitConfirmedViewController.swift */ = {isa = PBXFileReference; lastKnownFileType = sourcecode.swift; path = PixLimitConfirmedViewController.swift; sourceTree = "<group>"; };
		65989F4B26F14E4100FB93E6 /* PixReceiver.storyboard */ = {isa = PBXFileReference; lastKnownFileType = file.storyboard; path = PixReceiver.storyboard; sourceTree = "<group>"; };
		65989F4D26F1577E00FB93E6 /* PixReceiverViewController.swift */ = {isa = PBXFileReference; lastKnownFileType = sourcecode.swift; path = PixReceiverViewController.swift; sourceTree = "<group>"; };
		65989F4F26F1644F00FB93E6 /* PixQRCodeViewController.swift */ = {isa = PBXFileReference; lastKnownFileType = sourcecode.swift; path = PixQRCodeViewController.swift; sourceTree = "<group>"; };
		659A9DEA26EE686D00E102ED /* InputViewController.swift */ = {isa = PBXFileReference; lastKnownFileType = sourcecode.swift; path = InputViewController.swift; sourceTree = "<group>"; };
		659A9DED26EE691400E102ED /* PixSendViewController.swift */ = {isa = PBXFileReference; lastKnownFileType = sourcecode.swift; path = PixSendViewController.swift; sourceTree = "<group>"; };
		65B1814426EFC6B700197AFC /* PixPreviewViewController.swift */ = {isa = PBXFileReference; lastKnownFileType = sourcecode.swift; path = PixPreviewViewController.swift; sourceTree = "<group>"; };
		65B1814626EFCCF800197AFC /* Utils.swift */ = {isa = PBXFileReference; lastKnownFileType = sourcecode.swift; path = Utils.swift; sourceTree = "<group>"; };
		65B530A726E7E905002B73A4 /* CreditcardViewController.swift */ = {isa = PBXFileReference; lastKnownFileType = sourcecode.swift; path = CreditcardViewController.swift; sourceTree = "<group>"; };
		65B530A926E7ECA8002B73A4 /* CardItem.swift */ = {isa = PBXFileReference; lastKnownFileType = sourcecode.swift; path = CardItem.swift; sourceTree = "<group>"; };
		65BBF0BD26E6E21900C9F598 /* Lorem Bank.app */ = {isa = PBXFileReference; explicitFileType = wrapper.application; includeInIndex = 0; path = "Lorem Bank.app"; sourceTree = BUILT_PRODUCTS_DIR; };
		65BBF0C026E6E21900C9F598 /* AppDelegate.swift */ = {isa = PBXFileReference; lastKnownFileType = sourcecode.swift; path = AppDelegate.swift; sourceTree = "<group>"; };
		65BBF0C226E6E21900C9F598 /* SceneDelegate.swift */ = {isa = PBXFileReference; lastKnownFileType = sourcecode.swift; path = SceneDelegate.swift; sourceTree = "<group>"; };
		65BBF0C426E6E21900C9F598 /* ViewController.swift */ = {isa = PBXFileReference; lastKnownFileType = sourcecode.swift; path = ViewController.swift; sourceTree = "<group>"; };
		65BBF0C726E6E21900C9F598 /* Base */ = {isa = PBXFileReference; lastKnownFileType = file.storyboard; name = Base; path = Base.lproj/Main.storyboard; sourceTree = "<group>"; };
		65BBF0C926E6E21A00C9F598 /* Assets.xcassets */ = {isa = PBXFileReference; lastKnownFileType = folder.assetcatalog; path = Assets.xcassets; sourceTree = "<group>"; };
		65BBF0CC26E6E21A00C9F598 /* Base */ = {isa = PBXFileReference; lastKnownFileType = file.storyboard; name = Base; path = Base.lproj/LaunchScreen.storyboard; sourceTree = "<group>"; };
		65BBF0CE26E6E21A00C9F598 /* Info.plist */ = {isa = PBXFileReference; lastKnownFileType = text.plist.xml; path = Info.plist; sourceTree = "<group>"; };
		65BBF0D326E6E21B00C9F598 /* Lorem BankTests.xctest */ = {isa = PBXFileReference; explicitFileType = wrapper.cfbundle; includeInIndex = 0; path = "Lorem BankTests.xctest"; sourceTree = BUILT_PRODUCTS_DIR; };
		65BBF0D726E6E21B00C9F598 /* Lorem_IpsumTests.swift */ = {isa = PBXFileReference; lastKnownFileType = sourcecode.swift; path = Lorem_IpsumTests.swift; sourceTree = "<group>"; };
		65BBF0D926E6E21B00C9F598 /* Info.plist */ = {isa = PBXFileReference; lastKnownFileType = text.plist.xml; path = Info.plist; sourceTree = "<group>"; };
		65BBF0DE26E6E21B00C9F598 /* Lorem BankUITests.xctest */ = {isa = PBXFileReference; explicitFileType = wrapper.cfbundle; includeInIndex = 0; path = "Lorem BankUITests.xctest"; sourceTree = BUILT_PRODUCTS_DIR; };
		65BBF0E226E6E21B00C9F598 /* Lorem_IpsumUITests.swift */ = {isa = PBXFileReference; lastKnownFileType = sourcecode.swift; path = Lorem_IpsumUITests.swift; sourceTree = "<group>"; };
		65BBF0E426E6E21B00C9F598 /* Info.plist */ = {isa = PBXFileReference; lastKnownFileType = text.plist.xml; path = Info.plist; sourceTree = "<group>"; };
		65BBF0F026E7097A00C9F598 /* HelperExtensions.swift */ = {isa = PBXFileReference; lastKnownFileType = sourcecode.swift; path = HelperExtensions.swift; sourceTree = "<group>"; };
/* End PBXFileReference section */

/* Begin PBXFrameworksBuildPhase section */
		65BBF0BA26E6E21900C9F598 /* Frameworks */ = {
			isa = PBXFrameworksBuildPhase;
			buildActionMask = 2147483647;
			files = (
			);
			runOnlyForDeploymentPostprocessing = 0;
		};
		65BBF0D026E6E21B00C9F598 /* Frameworks */ = {
			isa = PBXFrameworksBuildPhase;
			buildActionMask = 2147483647;
			files = (
			);
			runOnlyForDeploymentPostprocessing = 0;
		};
		65BBF0DB26E6E21B00C9F598 /* Frameworks */ = {
			isa = PBXFrameworksBuildPhase;
			buildActionMask = 2147483647;
			files = (
			);
			runOnlyForDeploymentPostprocessing = 0;
		};
/* End PBXFrameworksBuildPhase section */

/* Begin PBXGroup section */
		6502D96226EE9033001376AC /* model */ = {
			isa = PBXGroup;
			children = (
				6502D96326EE909B001376AC /* InputDetailModel.swift */,
			);
			path = model;
			sourceTree = "<group>";
		};
		6502D96526EEAE20001376AC /* util */ = {
			isa = PBXGroup;
			children = (
				65BBF0F026E7097A00C9F598 /* HelperExtensions.swift */,
				65B1814626EFCCF800197AFC /* Utils.swift */,
				65920C7B26EFF7FE0027D6DF /* String+Extensions.swift */,
			);
			path = util;
			sourceTree = "<group>";
		};
		655FBF7826ED65A1006AA5DC /* pix */ = {
			isa = PBXGroup;
			children = (
				6502D96226EE9033001376AC /* model */,
				659A9DE926EE684F00E102ED /* controller */,
				655FBF7926ED6600006AA5DC /* view */,
			);
			path = pix;
			sourceTree = "<group>";
		};
		655FBF7926ED6600006AA5DC /* view */ = {
			isa = PBXGroup;
			children = (
				655FBF7A26ED6716006AA5DC /* Pix.storyboard */,
				65920C8826F039EA0027D6DF /* LimitPix.storyboard */,
				65989F4B26F14E4100FB93E6 /* PixReceiver.storyboard */,
			);
			path = view;
			sourceTree = "<group>";
		};
		65920C7F26F01C5B0027D6DF /* misc */ = {
			isa = PBXGroup;
			children = (
				65989F3C26F0CE4E00FB93E6 /* commons */,
				65989F3B26F0CDC800FB93E6 /* core data */,
				65989F3D26F0CECB00FB93E6 /* APIManager.swift */,
				65989F3F26F0D9B700FB93E6 /* AuthenticationAPIManager.swift */,
			);
			path = misc;
			sourceTree = "<group>";
		};
		65920C8226F024890027D6DF /* view */ = {
			isa = PBXGroup;
			children = (
				65920C8026F01C7E0027D6DF /* PasswordCheck.storyboard */,
				65920C8326F024B00027D6DF /* InputModal.storyboard */,
			);
			path = view;
			sourceTree = "<group>";
		};
		65920C8526F0252C0027D6DF /* controller */ = {
			isa = PBXGroup;
			children = (
				659A9DEA26EE686D00E102ED /* InputViewController.swift */,
				65920C7D26F0032E0027D6DF /* PasswordCheckViewController.swift */,
			);
			path = controller;
			sourceTree = "<group>";
		};
		65920C8C26F048AC0027D6DF /* login */ = {
			isa = PBXGroup;
			children = (
				65989F4126F0D9E500FB93E6 /* models */,
				65989F3526F0C87200FB93E6 /* controller */,
				65920C8F26F049A30027D6DF /* view */,
			);
			path = login;
			sourceTree = "<group>";
		};
		65920C8F26F049A30027D6DF /* view */ = {
			isa = PBXGroup;
			children = (
				65920C9026F049AF0027D6DF /* Login.storyboard */,
			);
			path = view;
			sourceTree = "<group>";
		};
		65989F3526F0C87200FB93E6 /* controller */ = {
			isa = PBXGroup;
			children = (
				65989F3626F0C8FB00FB93E6 /* LoginViewController.swift */,
			);
			path = controller;
			sourceTree = "<group>";
		};
		65989F3B26F0CDC800FB93E6 /* core data */ = {
			isa = PBXGroup;
			children = (
				65989F3926F0CD1E00FB93E6 /* CoreDataManager.swift */,
			);
			path = "core data";
			sourceTree = "<group>";
		};
		65989F3C26F0CE4E00FB93E6 /* commons */ = {
			isa = PBXGroup;
			children = (
				65920C8526F0252C0027D6DF /* controller */,
				65920C8226F024890027D6DF /* view */,
			);
			path = commons;
			sourceTree = "<group>";
		};
		65989F4126F0D9E500FB93E6 /* models */ = {
			isa = PBXGroup;
			children = (
				65989F4226F0E18C00FB93E6 /* AuthenticationModel.swift */,
				65989F4426F1071D00FB93E6 /* AccountModel.swift */,
			);
			path = models;
			sourceTree = "<group>";
		};
		659A9DE926EE684F00E102ED /* controller */ = {
			isa = PBXGroup;
			children = (
				659A9DED26EE691400E102ED /* PixSendViewController.swift */,
				65B1814426EFC6B700197AFC /* PixPreviewViewController.swift */,
				65920C8626F0282F0027D6DF /* PixConfirmedViewController.swift */,
				65920C8A26F03EE20027D6DF /* PixLimitViewController.swift */,
				65989F4926F1452200FB93E6 /* PixLimitConfirmedViewController.swift */,
				65989F4D26F1577E00FB93E6 /* PixReceiverViewController.swift */,
				65989F4F26F1644F00FB93E6 /* PixQRCodeViewController.swift */,
			);
			path = controller;
			sourceTree = "<group>";
		};
		65B530A426E7E5D2002B73A4 /* home */ = {
			isa = PBXGroup;
			children = (
				65B530A626E7E882002B73A4 /* controllers */,
				65B530A526E7E875002B73A4 /* models */,
			);
			path = home;
			sourceTree = "<group>";
		};
		65B530A526E7E875002B73A4 /* models */ = {
			isa = PBXGroup;
			children = (
				65B530A926E7ECA8002B73A4 /* CardItem.swift */,
				65989F4726F13DC100FB93E6 /* InvoiceItem.swift */,
			);
			path = models;
			sourceTree = "<group>";
		};
		65B530A626E7E882002B73A4 /* controllers */ = {
			isa = PBXGroup;
			children = (
				65B530A726E7E905002B73A4 /* CreditcardViewController.swift */,
				65345A8926ED5688001ABDC3 /* HomeTableViewController.swift */,
			);
			path = controllers;
			sourceTree = "<group>";
		};
		65BBF0B426E6E21900C9F598 = {
			isa = PBXGroup;
			children = (
				65BBF0BF26E6E21900C9F598 /* Lorem Ipsum */,
				65BBF0D626E6E21B00C9F598 /* Lorem IpsumTests */,
				65BBF0E126E6E21B00C9F598 /* Lorem IpsumUITests */,
				65BBF0BE26E6E21900C9F598 /* Products */,
			);
			sourceTree = "<group>";
		};
		65BBF0BE26E6E21900C9F598 /* Products */ = {
			isa = PBXGroup;
			children = (
				65BBF0BD26E6E21900C9F598 /* Lorem Bank.app */,
				65BBF0D326E6E21B00C9F598 /* Lorem BankTests.xctest */,
				65BBF0DE26E6E21B00C9F598 /* Lorem BankUITests.xctest */,
			);
			name = Products;
			sourceTree = "<group>";
		};
		65BBF0BF26E6E21900C9F598 /* Lorem Ipsum */ = {
			isa = PBXGroup;
			children = (
				65920C8C26F048AC0027D6DF /* login */,
				65920C7F26F01C5B0027D6DF /* misc */,
				6502D96526EEAE20001376AC /* util */,
				655FBF7826ED65A1006AA5DC /* pix */,
				65B530A426E7E5D2002B73A4 /* home */,
				65BBF0C026E6E21900C9F598 /* AppDelegate.swift */,
				65BBF0C226E6E21900C9F598 /* SceneDelegate.swift */,
				65BBF0C426E6E21900C9F598 /* ViewController.swift */,
				65BBF0C626E6E21900C9F598 /* Main.storyboard */,
				65BBF0C926E6E21A00C9F598 /* Assets.xcassets */,
				65BBF0CB26E6E21A00C9F598 /* LaunchScreen.storyboard */,
				65BBF0CE26E6E21A00C9F598 /* Info.plist */,
			);
			path = "Lorem Ipsum";
			sourceTree = "<group>";
		};
		65BBF0D626E6E21B00C9F598 /* Lorem IpsumTests */ = {
			isa = PBXGroup;
			children = (
				65BBF0D726E6E21B00C9F598 /* Lorem_IpsumTests.swift */,
				65BBF0D926E6E21B00C9F598 /* Info.plist */,
			);
			path = "Lorem IpsumTests";
			sourceTree = "<group>";
		};
		65BBF0E126E6E21B00C9F598 /* Lorem IpsumUITests */ = {
			isa = PBXGroup;
			children = (
				65BBF0E226E6E21B00C9F598 /* Lorem_IpsumUITests.swift */,
				65BBF0E426E6E21B00C9F598 /* Info.plist */,
			);
			path = "Lorem IpsumUITests";
			sourceTree = "<group>";
		};
/* End PBXGroup section */

/* Begin PBXNativeTarget section */
		65BBF0BC26E6E21900C9F598 /* Lorem Bank */ = {
			isa = PBXNativeTarget;
			buildConfigurationList = 65BBF0E726E6E21B00C9F598 /* Build configuration list for PBXNativeTarget "Lorem Bank" */;
			buildPhases = (
				65BBF0B926E6E21900C9F598 /* Sources */,
				65BBF0BA26E6E21900C9F598 /* Frameworks */,
				65BBF0BB26E6E21900C9F598 /* Resources */,
			);
			buildRules = (
			);
			dependencies = (
			);
			name = "Lorem Bank";
			productName = "Lorem Ipsum";
			productReference = 65BBF0BD26E6E21900C9F598 /* Lorem Bank.app */;
			productType = "com.apple.product-type.application";
		};
		65BBF0D226E6E21B00C9F598 /* Lorem BankTests */ = {
			isa = PBXNativeTarget;
			buildConfigurationList = 65BBF0EA26E6E21B00C9F598 /* Build configuration list for PBXNativeTarget "Lorem BankTests" */;
			buildPhases = (
				65BBF0CF26E6E21B00C9F598 /* Sources */,
				65BBF0D026E6E21B00C9F598 /* Frameworks */,
				65BBF0D126E6E21B00C9F598 /* Resources */,
			);
			buildRules = (
			);
			dependencies = (
				65BBF0D526E6E21B00C9F598 /* PBXTargetDependency */,
			);
			name = "Lorem BankTests";
			productName = "Lorem IpsumTests";
			productReference = 65BBF0D326E6E21B00C9F598 /* Lorem BankTests.xctest */;
			productType = "com.apple.product-type.bundle.unit-test";
		};
		65BBF0DD26E6E21B00C9F598 /* Lorem BankUITests */ = {
			isa = PBXNativeTarget;
			buildConfigurationList = 65BBF0ED26E6E21B00C9F598 /* Build configuration list for PBXNativeTarget "Lorem BankUITests" */;
			buildPhases = (
				65BBF0DA26E6E21B00C9F598 /* Sources */,
				65BBF0DB26E6E21B00C9F598 /* Frameworks */,
				65BBF0DC26E6E21B00C9F598 /* Resources */,
			);
			buildRules = (
			);
			dependencies = (
				65BBF0E026E6E21B00C9F598 /* PBXTargetDependency */,
			);
			name = "Lorem BankUITests";
			productName = "Lorem IpsumUITests";
			productReference = 65BBF0DE26E6E21B00C9F598 /* Lorem BankUITests.xctest */;
			productType = "com.apple.product-type.bundle.ui-testing";
		};
/* End PBXNativeTarget section */

/* Begin PBXProject section */
		65BBF0B526E6E21900C9F598 /* Project object */ = {
			isa = PBXProject;
			attributes = {
				LastSwiftUpdateCheck = 1250;
				LastUpgradeCheck = 1250;
				TargetAttributes = {
					65BBF0BC26E6E21900C9F598 = {
						CreatedOnToolsVersion = 12.5.1;
					};
					65BBF0D226E6E21B00C9F598 = {
						CreatedOnToolsVersion = 12.5.1;
						TestTargetID = 65BBF0BC26E6E21900C9F598;
					};
					65BBF0DD26E6E21B00C9F598 = {
						CreatedOnToolsVersion = 12.5.1;
						TestTargetID = 65BBF0BC26E6E21900C9F598;
					};
				};
			};
			buildConfigurationList = 65BBF0B826E6E21900C9F598 /* Build configuration list for PBXProject "Lorem Bank" */;
			compatibilityVersion = "Xcode 9.3";
			developmentRegion = en;
			hasScannedForEncodings = 0;
			knownRegions = (
				en,
				Base,
			);
			mainGroup = 65BBF0B426E6E21900C9F598;
			productRefGroup = 65BBF0BE26E6E21900C9F598 /* Products */;
			projectDirPath = "";
			projectRoot = "";
			targets = (
				65BBF0BC26E6E21900C9F598 /* Lorem Bank */,
				65BBF0D226E6E21B00C9F598 /* Lorem BankTests */,
				65BBF0DD26E6E21B00C9F598 /* Lorem BankUITests */,
			);
		};
/* End PBXProject section */

/* Begin PBXResourcesBuildPhase section */
		65BBF0BB26E6E21900C9F598 /* Resources */ = {
			isa = PBXResourcesBuildPhase;
			buildActionMask = 2147483647;
			files = (
				65920C9126F049AF0027D6DF /* Login.storyboard in Resources */,
				65BBF0CD26E6E21A00C9F598 /* LaunchScreen.storyboard in Resources */,
				65989F4C26F14E4100FB93E6 /* PixReceiver.storyboard in Resources */,
				65920C8926F039EA0027D6DF /* LimitPix.storyboard in Resources */,
				65920C8426F024B00027D6DF /* InputModal.storyboard in Resources */,
				65BBF0CA26E6E21A00C9F598 /* Assets.xcassets in Resources */,
				655FBF7B26ED6716006AA5DC /* Pix.storyboard in Resources */,
				65BBF0C826E6E21900C9F598 /* Main.storyboard in Resources */,
				65920C8126F01C7E0027D6DF /* PasswordCheck.storyboard in Resources */,
			);
			runOnlyForDeploymentPostprocessing = 0;
		};
		65BBF0D126E6E21B00C9F598 /* Resources */ = {
			isa = PBXResourcesBuildPhase;
			buildActionMask = 2147483647;
			files = (
			);
			runOnlyForDeploymentPostprocessing = 0;
		};
		65BBF0DC26E6E21B00C9F598 /* Resources */ = {
			isa = PBXResourcesBuildPhase;
			buildActionMask = 2147483647;
			files = (
			);
			runOnlyForDeploymentPostprocessing = 0;
		};
/* End PBXResourcesBuildPhase section */

/* Begin PBXSourcesBuildPhase section */
		65BBF0B926E6E21900C9F598 /* Sources */ = {
			isa = PBXSourcesBuildPhase;
			buildActionMask = 2147483647;
			files = (
				65989F3726F0C8FB00FB93E6 /* LoginViewController.swift in Sources */,
				6502D96426EE909B001376AC /* InputDetailModel.swift in Sources */,
				65345A8A26ED5688001ABDC3 /* HomeTableViewController.swift in Sources */,
				65989F4326F0E18C00FB93E6 /* AuthenticationModel.swift in Sources */,
				65989F3A26F0CD1E00FB93E6 /* CoreDataManager.swift in Sources */,
				65920C7E26F0032E0027D6DF /* PasswordCheckViewController.swift in Sources */,
				65B530A826E7E905002B73A4 /* CreditcardViewController.swift in Sources */,
				65920C8726F0282F0027D6DF /* PixConfirmedViewController.swift in Sources */,
				659A9DEE26EE691400E102ED /* PixSendViewController.swift in Sources */,
				65989F4A26F1452200FB93E6 /* PixLimitConfirmedViewController.swift in Sources */,
				65989F5026F1644F00FB93E6 /* PixQRCodeViewController.swift in Sources */,
				65989F4E26F1577E00FB93E6 /* PixReceiverViewController.swift in Sources */,
				65989F4526F1071D00FB93E6 /* AccountModel.swift in Sources */,
				65B530AA26E7ECA8002B73A4 /* CardItem.swift in Sources */,
				65BBF0C526E6E21900C9F598 /* ViewController.swift in Sources */,
				65989F4826F13DC100FB93E6 /* InvoiceItem.swift in Sources */,
				65920C8B26F03EE20027D6DF /* PixLimitViewController.swift in Sources */,
				65989F3E26F0CECB00FB93E6 /* APIManager.swift in Sources */,
				65B1814726EFCCF800197AFC /* Utils.swift in Sources */,
				65920C7C26EFF7FE0027D6DF /* String+Extensions.swift in Sources */,
				65BBF0F126E7097A00C9F598 /* HelperExtensions.swift in Sources */,
				65BBF0C126E6E21900C9F598 /* AppDelegate.swift in Sources */,
				659A9DEB26EE686D00E102ED /* InputViewController.swift in Sources */,
				65989F4026F0D9B700FB93E6 /* AuthenticationAPIManager.swift in Sources */,
				65BBF0C326E6E21900C9F598 /* SceneDelegate.swift in Sources */,
				65B1814526EFC6B700197AFC /* PixPreviewViewController.swift in Sources */,
			);
			runOnlyForDeploymentPostprocessing = 0;
		};
		65BBF0CF26E6E21B00C9F598 /* Sources */ = {
			isa = PBXSourcesBuildPhase;
			buildActionMask = 2147483647;
			files = (
				65BBF0D826E6E21B00C9F598 /* Lorem_IpsumTests.swift in Sources */,
			);
			runOnlyForDeploymentPostprocessing = 0;
		};
		65BBF0DA26E6E21B00C9F598 /* Sources */ = {
			isa = PBXSourcesBuildPhase;
			buildActionMask = 2147483647;
			files = (
				65BBF0E326E6E21B00C9F598 /* Lorem_IpsumUITests.swift in Sources */,
			);
			runOnlyForDeploymentPostprocessing = 0;
		};
/* End PBXSourcesBuildPhase section */

/* Begin PBXTargetDependency section */
		65BBF0D526E6E21B00C9F598 /* PBXTargetDependency */ = {
			isa = PBXTargetDependency;
			target = 65BBF0BC26E6E21900C9F598 /* Lorem Bank */;
			targetProxy = 65BBF0D426E6E21B00C9F598 /* PBXContainerItemProxy */;
		};
		65BBF0E026E6E21B00C9F598 /* PBXTargetDependency */ = {
			isa = PBXTargetDependency;
			target = 65BBF0BC26E6E21900C9F598 /* Lorem Bank */;
			targetProxy = 65BBF0DF26E6E21B00C9F598 /* PBXContainerItemProxy */;
		};
/* End PBXTargetDependency section */

/* Begin PBXVariantGroup section */
		65BBF0C626E6E21900C9F598 /* Main.storyboard */ = {
			isa = PBXVariantGroup;
			children = (
				65BBF0C726E6E21900C9F598 /* Base */,
			);
			name = Main.storyboard;
			sourceTree = "<group>";
		};
		65BBF0CB26E6E21A00C9F598 /* LaunchScreen.storyboard */ = {
			isa = PBXVariantGroup;
			children = (
				65BBF0CC26E6E21A00C9F598 /* Base */,
			);
			name = LaunchScreen.storyboard;
			sourceTree = "<group>";
		};
/* End PBXVariantGroup section */

/* Begin XCBuildConfiguration section */
		65BBF0E526E6E21B00C9F598 /* Debug */ = {
			isa = XCBuildConfiguration;
			buildSettings = {
				ALWAYS_SEARCH_USER_PATHS = NO;
				CLANG_ANALYZER_NONNULL = YES;
				CLANG_ANALYZER_NUMBER_OBJECT_CONVERSION = YES_AGGRESSIVE;
				CLANG_CXX_LANGUAGE_STANDARD = "gnu++14";
				CLANG_CXX_LIBRARY = "libc++";
				CLANG_ENABLE_MODULES = YES;
				CLANG_ENABLE_OBJC_ARC = YES;
				CLANG_ENABLE_OBJC_WEAK = YES;
				CLANG_WARN_BLOCK_CAPTURE_AUTORELEASING = YES;
				CLANG_WARN_BOOL_CONVERSION = YES;
				CLANG_WARN_COMMA = YES;
				CLANG_WARN_CONSTANT_CONVERSION = YES;
				CLANG_WARN_DEPRECATED_OBJC_IMPLEMENTATIONS = YES;
				CLANG_WARN_DIRECT_OBJC_ISA_USAGE = YES_ERROR;
				CLANG_WARN_DOCUMENTATION_COMMENTS = YES;
				CLANG_WARN_EMPTY_BODY = YES;
				CLANG_WARN_ENUM_CONVERSION = YES;
				CLANG_WARN_INFINITE_RECURSION = YES;
				CLANG_WARN_INT_CONVERSION = YES;
				CLANG_WARN_NON_LITERAL_NULL_CONVERSION = YES;
				CLANG_WARN_OBJC_IMPLICIT_RETAIN_SELF = YES;
				CLANG_WARN_OBJC_LITERAL_CONVERSION = YES;
				CLANG_WARN_OBJC_ROOT_CLASS = YES_ERROR;
				CLANG_WARN_QUOTED_INCLUDE_IN_FRAMEWORK_HEADER = YES;
				CLANG_WARN_RANGE_LOOP_ANALYSIS = YES;
				CLANG_WARN_STRICT_PROTOTYPES = YES;
				CLANG_WARN_SUSPICIOUS_MOVE = YES;
				CLANG_WARN_UNGUARDED_AVAILABILITY = YES_AGGRESSIVE;
				CLANG_WARN_UNREACHABLE_CODE = YES;
				CLANG_WARN__DUPLICATE_METHOD_MATCH = YES;
				COPY_PHASE_STRIP = NO;
				DEBUG_INFORMATION_FORMAT = dwarf;
				ENABLE_STRICT_OBJC_MSGSEND = YES;
				ENABLE_TESTABILITY = YES;
				GCC_C_LANGUAGE_STANDARD = gnu11;
				GCC_DYNAMIC_NO_PIC = NO;
				GCC_NO_COMMON_BLOCKS = YES;
				GCC_OPTIMIZATION_LEVEL = 0;
				GCC_PREPROCESSOR_DEFINITIONS = (
					"DEBUG=1",
					"$(inherited)",
				);
				GCC_WARN_64_TO_32_BIT_CONVERSION = YES;
				GCC_WARN_ABOUT_RETURN_TYPE = YES_ERROR;
				GCC_WARN_UNDECLARED_SELECTOR = YES;
				GCC_WARN_UNINITIALIZED_AUTOS = YES_AGGRESSIVE;
				GCC_WARN_UNUSED_FUNCTION = YES;
				GCC_WARN_UNUSED_VARIABLE = YES;
				IPHONEOS_DEPLOYMENT_TARGET = 14.5;
				MTL_ENABLE_DEBUG_INFO = INCLUDE_SOURCE;
				MTL_FAST_MATH = YES;
				ONLY_ACTIVE_ARCH = YES;
				SDKROOT = iphoneos;
				SWIFT_ACTIVE_COMPILATION_CONDITIONS = DEBUG;
				SWIFT_OPTIMIZATION_LEVEL = "-Onone";
			};
			name = Debug;
		};
		65BBF0E626E6E21B00C9F598 /* Release */ = {
			isa = XCBuildConfiguration;
			buildSettings = {
				ALWAYS_SEARCH_USER_PATHS = NO;
				CLANG_ANALYZER_NONNULL = YES;
				CLANG_ANALYZER_NUMBER_OBJECT_CONVERSION = YES_AGGRESSIVE;
				CLANG_CXX_LANGUAGE_STANDARD = "gnu++14";
				CLANG_CXX_LIBRARY = "libc++";
				CLANG_ENABLE_MODULES = YES;
				CLANG_ENABLE_OBJC_ARC = YES;
				CLANG_ENABLE_OBJC_WEAK = YES;
				CLANG_WARN_BLOCK_CAPTURE_AUTORELEASING = YES;
				CLANG_WARN_BOOL_CONVERSION = YES;
				CLANG_WARN_COMMA = YES;
				CLANG_WARN_CONSTANT_CONVERSION = YES;
				CLANG_WARN_DEPRECATED_OBJC_IMPLEMENTATIONS = YES;
				CLANG_WARN_DIRECT_OBJC_ISA_USAGE = YES_ERROR;
				CLANG_WARN_DOCUMENTATION_COMMENTS = YES;
				CLANG_WARN_EMPTY_BODY = YES;
				CLANG_WARN_ENUM_CONVERSION = YES;
				CLANG_WARN_INFINITE_RECURSION = YES;
				CLANG_WARN_INT_CONVERSION = YES;
				CLANG_WARN_NON_LITERAL_NULL_CONVERSION = YES;
				CLANG_WARN_OBJC_IMPLICIT_RETAIN_SELF = YES;
				CLANG_WARN_OBJC_LITERAL_CONVERSION = YES;
				CLANG_WARN_OBJC_ROOT_CLASS = YES_ERROR;
				CLANG_WARN_QUOTED_INCLUDE_IN_FRAMEWORK_HEADER = YES;
				CLANG_WARN_RANGE_LOOP_ANALYSIS = YES;
				CLANG_WARN_STRICT_PROTOTYPES = YES;
				CLANG_WARN_SUSPICIOUS_MOVE = YES;
				CLANG_WARN_UNGUARDED_AVAILABILITY = YES_AGGRESSIVE;
				CLANG_WARN_UNREACHABLE_CODE = YES;
				CLANG_WARN__DUPLICATE_METHOD_MATCH = YES;
				COPY_PHASE_STRIP = NO;
				DEBUG_INFORMATION_FORMAT = "dwarf-with-dsym";
				ENABLE_NS_ASSERTIONS = NO;
				ENABLE_STRICT_OBJC_MSGSEND = YES;
				GCC_C_LANGUAGE_STANDARD = gnu11;
				GCC_NO_COMMON_BLOCKS = YES;
				GCC_WARN_64_TO_32_BIT_CONVERSION = YES;
				GCC_WARN_ABOUT_RETURN_TYPE = YES_ERROR;
				GCC_WARN_UNDECLARED_SELECTOR = YES;
				GCC_WARN_UNINITIALIZED_AUTOS = YES_AGGRESSIVE;
				GCC_WARN_UNUSED_FUNCTION = YES;
				GCC_WARN_UNUSED_VARIABLE = YES;
				IPHONEOS_DEPLOYMENT_TARGET = 14.5;
				MTL_ENABLE_DEBUG_INFO = NO;
				MTL_FAST_MATH = YES;
				SDKROOT = iphoneos;
				SWIFT_COMPILATION_MODE = wholemodule;
				SWIFT_OPTIMIZATION_LEVEL = "-O";
				VALIDATE_PRODUCT = YES;
			};
			name = Release;
		};
		65BBF0E826E6E21B00C9F598 /* Debug */ = {
			isa = XCBuildConfiguration;
			buildSettings = {
				ASSETCATALOG_COMPILER_APPICON_NAME = AppIcon;
				ASSETCATALOG_COMPILER_GLOBAL_ACCENT_COLOR_NAME = AccentColor;
				CODE_SIGN_STYLE = Automatic;
				INFOPLIST_FILE = "Lorem Ipsum/Info.plist";
				LD_RUNPATH_SEARCH_PATHS = (
					"$(inherited)",
					"@executable_path/Frameworks",
				);
				PRODUCT_BUNDLE_IDENTIFIER = "com.dannark.Lorem-Ipsum";
				PRODUCT_NAME = "$(TARGET_NAME)";
				SWIFT_VERSION = 5.0;
				TARGETED_DEVICE_FAMILY = "1,2";
			};
			name = Debug;
		};
		65BBF0E926E6E21B00C9F598 /* Release */ = {
			isa = XCBuildConfiguration;
			buildSettings = {
				ASSETCATALOG_COMPILER_APPICON_NAME = AppIcon;
				ASSETCATALOG_COMPILER_GLOBAL_ACCENT_COLOR_NAME = AccentColor;
				CODE_SIGN_STYLE = Automatic;
				INFOPLIST_FILE = "Lorem Ipsum/Info.plist";
				LD_RUNPATH_SEARCH_PATHS = (
					"$(inherited)",
					"@executable_path/Frameworks",
				);
				PRODUCT_BUNDLE_IDENTIFIER = "com.dannark.Lorem-Ipsum";
				PRODUCT_NAME = "$(TARGET_NAME)";
				SWIFT_VERSION = 5.0;
				TARGETED_DEVICE_FAMILY = "1,2";
			};
			name = Release;
		};
		65BBF0EB26E6E21B00C9F598 /* Debug */ = {
			isa = XCBuildConfiguration;
			buildSettings = {
				ALWAYS_EMBED_SWIFT_STANDARD_LIBRARIES = YES;
				BUNDLE_LOADER = "$(TEST_HOST)";
				CODE_SIGN_STYLE = Automatic;
				INFOPLIST_FILE = "Lorem IpsumTests/Info.plist";
				IPHONEOS_DEPLOYMENT_TARGET = 14.5;
				LD_RUNPATH_SEARCH_PATHS = (
					"$(inherited)",
					"@executable_path/Frameworks",
					"@loader_path/Frameworks",
				);
				PRODUCT_BUNDLE_IDENTIFIER = "com.dannark.loremipsumbank.Lorem-IpsumTests";
				PRODUCT_NAME = "$(TARGET_NAME)";
				SWIFT_VERSION = 5.0;
				TARGETED_DEVICE_FAMILY = "1,2";
				TEST_HOST = "$(BUILT_PRODUCTS_DIR)/Lorem Bank.app/Lorem Bank";
			};
			name = Debug;
		};
		65BBF0EC26E6E21B00C9F598 /* Release */ = {
			isa = XCBuildConfiguration;
			buildSettings = {
				ALWAYS_EMBED_SWIFT_STANDARD_LIBRARIES = YES;
				BUNDLE_LOADER = "$(TEST_HOST)";
				CODE_SIGN_STYLE = Automatic;
				INFOPLIST_FILE = "Lorem IpsumTests/Info.plist";
				IPHONEOS_DEPLOYMENT_TARGET = 14.5;
				LD_RUNPATH_SEARCH_PATHS = (
					"$(inherited)",
					"@executable_path/Frameworks",
					"@loader_path/Frameworks",
				);
				PRODUCT_BUNDLE_IDENTIFIER = "com.dannark.loremipsumbank.Lorem-IpsumTests";
				PRODUCT_NAME = "$(TARGET_NAME)";
				SWIFT_VERSION = 5.0;
				TARGETED_DEVICE_FAMILY = "1,2";
				TEST_HOST = "$(BUILT_PRODUCTS_DIR)/Lorem Bank.app/Lorem Bank";
			};
			name = Release;
		};
		65BBF0EE26E6E21B00C9F598 /* Debug */ = {
			isa = XCBuildConfiguration;
			buildSettings = {
				ALWAYS_EMBED_SWIFT_STANDARD_LIBRARIES = YES;
				CODE_SIGN_STYLE = Automatic;
				INFOPLIST_FILE = "Lorem IpsumUITests/Info.plist";
				LD_RUNPATH_SEARCH_PATHS = (
					"$(inherited)",
					"@executable_path/Frameworks",
					"@loader_path/Frameworks",
				);
				PRODUCT_BUNDLE_IDENTIFIER = "com.dannark.loremipsumbank.Lorem-IpsumUITests";
				PRODUCT_NAME = "$(TARGET_NAME)";
				SWIFT_VERSION = 5.0;
				TARGETED_DEVICE_FAMILY = "1,2";
				TEST_TARGET_NAME = "Lorem Ipsum";
			};
			name = Debug;
		};
		65BBF0EF26E6E21B00C9F598 /* Release */ = {
			isa = XCBuildConfiguration;
			buildSettings = {
				ALWAYS_EMBED_SWIFT_STANDARD_LIBRARIES = YES;
				CODE_SIGN_STYLE = Automatic;
				INFOPLIST_FILE = "Lorem IpsumUITests/Info.plist";
				LD_RUNPATH_SEARCH_PATHS = (
					"$(inherited)",
					"@executable_path/Frameworks",
					"@loader_path/Frameworks",
				);
				PRODUCT_BUNDLE_IDENTIFIER = "com.dannark.loremipsumbank.Lorem-IpsumUITests";
				PRODUCT_NAME = "$(TARGET_NAME)";
				SWIFT_VERSION = 5.0;
				TARGETED_DEVICE_FAMILY = "1,2";
				TEST_TARGET_NAME = "Lorem Ipsum";
			};
			name = Release;
		};
/* End XCBuildConfiguration section */

/* Begin XCConfigurationList section */
		65BBF0B826E6E21900C9F598 /* Build configuration list for PBXProject "Lorem Bank" */ = {
			isa = XCConfigurationList;
			buildConfigurations = (
				65BBF0E526E6E21B00C9F598 /* Debug */,
				65BBF0E626E6E21B00C9F598 /* Release */,
			);
			defaultConfigurationIsVisible = 0;
			defaultConfigurationName = Release;
		};
		65BBF0E726E6E21B00C9F598 /* Build configuration list for PBXNativeTarget "Lorem Bank" */ = {
			isa = XCConfigurationList;
			buildConfigurations = (
				65BBF0E826E6E21B00C9F598 /* Debug */,
				65BBF0E926E6E21B00C9F598 /* Release */,
			);
			defaultConfigurationIsVisible = 0;
			defaultConfigurationName = Release;
		};
		65BBF0EA26E6E21B00C9F598 /* Build configuration list for PBXNativeTarget "Lorem BankTests" */ = {
			isa = XCConfigurationList;
			buildConfigurations = (
				65BBF0EB26E6E21B00C9F598 /* Debug */,
				65BBF0EC26E6E21B00C9F598 /* Release */,
			);
			defaultConfigurationIsVisible = 0;
			defaultConfigurationName = Release;
		};
		65BBF0ED26E6E21B00C9F598 /* Build configuration list for PBXNativeTarget "Lorem BankUITests" */ = {
			isa = XCConfigurationList;
			buildConfigurations = (
				65BBF0EE26E6E21B00C9F598 /* Debug */,
				65BBF0EF26E6E21B00C9F598 /* Release */,
			);
			defaultConfigurationIsVisible = 0;
			defaultConfigurationName = Release;
		};
/* End XCConfigurationList section */
	};
	rootObject = 65BBF0B526E6E21900C9F598 /* Project object */;
}
